
Microsoft Visual Studio Solution File, Format Version 12.00
# Visual Studio Version 17
VisualStudioVersion = 17.7.34024.191
MinimumVisualStudioVersion = 10.0.40219.1
Project("{FAE04EC0-301F-11D3-BF4B-00C04F79EFBC}") = "RBCTest", "RBCTest\RBCTest.csproj", "{635304D0-9A3E-4977-83C5-B1AF2A37D295}"
EndProject
Global
	GlobalSection(SolutionConfigurationPlatforms) = preSolution
		Debug|Any CPU = Debug|Any CPU
		Release|Any CPU = Release|Any CPU
	EndGlobalSection
	GlobalSection(ProjectConfigurationPlatforms) = postSolution
		{635304D0-9A3E-4977-83C5-B1AF2A37D295}.Debug|Any CPU.ActiveCfg = Debug|Any CPU
		{635304D0-9A3E-4977-83C5-B1AF2A37D295}.Debug|Any CPU.Build.0 = Debug|Any CPU
		{635304D0-9A3E-4977-83C5-B1AF2A37D295}.Release|Any CPU.ActiveCfg = Release|Any CPU
		{635304D0-9A3E-4977-83C5-B1AF2A37D295}.Release|Any CPU.Build.0 = Release|Any CPU
	EndGlobalSection
	GlobalSection(SolutionProperties) = preSolution
		HideSolutionNode = FALSE
	EndGlobalSection
	GlobalSection(ExtensibilityGlobals) = postSolution
		SolutionGuid = {77153289-F7DE-4378-B103-C11EB1E838CC}
	EndGlobalSection
EndGlobal
